
Microsoft Visual Studio Solution File, Format Version 12.00
# Visual Studio Version 17
VisualStudioVersion = 17.12.35527.113
MinimumVisualStudioVersion = 10.0.40219.1
Project("{FAE04EC0-301F-11D3-BF4B-00C04F79EFBC}") = "StudentService.Infrastructure", "StudentService.Infrastructure\StudentService.Infrastructure.csproj", "{199FC97A-5277-4A4E-B2E0-DA8578E28110}"
EndProject
Project("{FAE04EC0-301F-11D3-BF4B-00C04F79EFBC}") = "StudentService.API", "StudentService.API\StudentService.API.csproj", "{C8C883A7-0210-4151-A4FB-B02E9AF4326F}"
EndProject
Project("{FAE04EC0-301F-11D3-BF4B-00C04F79EFBC}") = "StudentService.Domain", "StudentService.Domain\StudentService.Domain.csproj", "{4C18BA42-19F2-4927-8A12-BF13C201D454}"
EndProject
Project("{FAE04EC0-301F-11D3-BF4B-00C04F79EFBC}") = "StudentService.WebApp", "StudentService.WebApp\StudentService.WebApp\StudentService.WebApp.csproj", "{6FA967F3-7357-4F98-A17F-02F6F3AE4444}"
EndProject
Project("{FAE04EC0-301F-11D3-BF4B-00C04F79EFBC}") = "StudentService.WebApp.Client", "StudentService.WebApp\StudentService.WebApp.Client\StudentService.WebApp.Client.csproj", "{C2AA7F73-8ED7-4D51-80CE-76FC27CBFC5C}"
EndProject
Global
	GlobalSection(SolutionConfigurationPlatforms) = preSolution
		Debug|Any CPU = Debug|Any CPU
		Release|Any CPU = Release|Any CPU
	EndGlobalSection
	GlobalSection(ProjectConfigurationPlatforms) = postSolution
		{199FC97A-5277-4A4E-B2E0-DA8578E28110}.Debug|Any CPU.ActiveCfg = Debug|Any CPU
		{199FC97A-5277-4A4E-B2E0-DA8578E28110}.Debug|Any CPU.Build.0 = Debug|Any CPU
		{199FC97A-5277-4A4E-B2E0-DA8578E28110}.Release|Any CPU.ActiveCfg = Release|Any CPU
		{199FC97A-5277-4A4E-B2E0-DA8578E28110}.Release|Any CPU.Build.0 = Release|Any CPU
		{C8C883A7-0210-4151-A4FB-B02E9AF4326F}.Debug|Any CPU.ActiveCfg = Debug|Any CPU
		{C8C883A7-0210-4151-A4FB-B02E9AF4326F}.Debug|Any CPU.Build.0 = Debug|Any CPU
		{C8C883A7-0210-4151-A4FB-B02E9AF4326F}.Release|Any CPU.ActiveCfg = Release|Any CPU
		{C8C883A7-0210-4151-A4FB-B02E9AF4326F}.Release|Any CPU.Build.0 = Release|Any CPU
		{4C18BA42-19F2-4927-8A12-BF13C201D454}.Debug|Any CPU.ActiveCfg = Debug|Any CPU
		{4C18BA42-19F2-4927-8A12-BF13C201D454}.Debug|Any CPU.Build.0 = Debug|Any CPU
		{4C18BA42-19F2-4927-8A12-BF13C201D454}.Release|Any CPU.ActiveCfg = Release|Any CPU
		{4C18BA42-19F2-4927-8A12-BF13C201D454}.Release|Any CPU.Build.0 = Release|Any CPU
		{6FA967F3-7357-4F98-A17F-02F6F3AE4444}.Debug|Any CPU.ActiveCfg = Debug|Any CPU
		{6FA967F3-7357-4F98-A17F-02F6F3AE4444}.Debug|Any CPU.Build.0 = Debug|Any CPU
		{6FA967F3-7357-4F98-A17F-02F6F3AE4444}.Release|Any CPU.ActiveCfg = Release|Any CPU
		{6FA967F3-7357-4F98-A17F-02F6F3AE4444}.Release|Any CPU.Build.0 = Release|Any CPU
		{C2AA7F73-8ED7-4D51-80CE-76FC27CBFC5C}.Debug|Any CPU.ActiveCfg = Debug|Any CPU
		{C2AA7F73-8ED7-4D51-80CE-76FC27CBFC5C}.Debug|Any CPU.Build.0 = Debug|Any CPU
		{C2AA7F73-8ED7-4D51-80CE-76FC27CBFC5C}.Release|Any CPU.ActiveCfg = Release|Any CPU
		{C2AA7F73-8ED7-4D51-80CE-76FC27CBFC5C}.Release|Any CPU.Build.0 = Release|Any CPU
	EndGlobalSection
	GlobalSection(SolutionProperties) = preSolution
		HideSolutionNode = FALSE
	EndGlobalSection
EndGlobal
